{
  "name": "example",
  "version": "1.0.0",
  "lockfileVersion": 3,
  "requires": true,
  "packages": {
    "": {
      "name": "example",
      "version": "1.0.0",
      "license": "ISC",
      "dependencies": {
        "@popperjs/core": "^2.11.8",
        "bootstrap": "^5.3.3",
        "chart.js": "^4.4.8",
        "sass": "^1.85.1",
        "vite": "^6.2.2"
      }
    },
    "node_modules/tailwindcss": {
      "version": "4.0.14",
      "resolved": "https://registry.npmjs.org/tailwindcss/-/tailwindcss-4.0.14.tgz",
      "integrity": "sha512-92YT2dpt671tFiHH/e1ok9D987N9fHD5VWoly1CdPD/Cd1HMglvZwP3nx2yTj2lbXDAHt8QssZkxTLCCTNL+xw==",
      "license": "MIT"
    }
  }
}
